
Microsoft Visual Studio Solution File, Format Version 11.00
# Visual Studio 2010
Project("{8BC9CEB8-8B4A-11D0-8D11-00A0C91BC942}") = "PythonMgr", "PythonMgr.vcxproj", "{FAECD113-F553-48D2-83FC-E5CE26F25614}"
EndProject
Project("{8BC9CEB8-8B4A-11D0-8D11-00A0C91BC942}") = "PythonEngine25", "PythonEngine\PythonEngine25.vcxproj", "{5287F93E-435F-4621-A918-42FE507FB722}"
EndProject
Project("{8BC9CEB8-8B4A-11D0-8D11-00A0C91BC942}") = "PythonEngine26", "PythonEngine\PythonEngine26.vcxproj", "{D48E70DC-E990-4BB6-A689-B84B88AB2BC8}"
EndProject
Project("{8BC9CEB8-8B4A-11D0-8D11-00A0C91BC942}") = "pylint", "pylint\pylint.vcxproj", "{04ACBB30-FDDF-455D-9CF1-B2CAF9EF57FB}"
EndProject
Project("{8BC9CEB8-8B4A-11D0-8D11-00A0C91BC942}") = "PythonInterpreter25", "PythonInterpreter\PythonInterpreter25.vcxproj", "{AD6B3158-3F96-4254-AFB8-122857BFED24}"
EndProject
Project("{8BC9CEB8-8B4A-11D0-8D11-00A0C91BC942}") = "PythonInterpreter26", "PythonInterpreter\PythonInterpreter26.vcxproj", "{92327B7F-ABF2-4188-9DCC-03C82DFF6BFE}"
EndProject
Global
	GlobalSection(SolutionConfigurationPlatforms) = preSolution
		Debug25|Win32 = Debug25|Win32
		Debug25|x64 = Debug25|x64
		Debug26|Win32 = Debug26|Win32
		Debug26|x64 = Debug26|x64
		Release25|Win32 = Release25|Win32
		Release25|x64 = Release25|x64
		Release26|Win32 = Release26|Win32
		Release26|x64 = Release26|x64
	EndGlobalSection
	GlobalSection(ProjectConfigurationPlatforms) = postSolution
		{FAECD113-F553-48D2-83FC-E5CE26F25614}.Debug25|Win32.ActiveCfg = Debug|Win32
		{FAECD113-F553-48D2-83FC-E5CE26F25614}.Debug25|x64.ActiveCfg = Debug|x64
		{FAECD113-F553-48D2-83FC-E5CE26F25614}.Debug26|Win32.ActiveCfg = Debug|Win32
		{FAECD113-F553-48D2-83FC-E5CE26F25614}.Debug26|x64.ActiveCfg = Debug|x64
		{FAECD113-F553-48D2-83FC-E5CE26F25614}.Release25|Win32.ActiveCfg = Release|Win32
		{FAECD113-F553-48D2-83FC-E5CE26F25614}.Release25|x64.ActiveCfg = Release|x64
		{FAECD113-F553-48D2-83FC-E5CE26F25614}.Release26|Win32.ActiveCfg = Release|Win32
		{FAECD113-F553-48D2-83FC-E5CE26F25614}.Release26|x64.ActiveCfg = Release|x64
		{5287F93E-435F-4621-A918-42FE507FB722}.Debug25|Win32.ActiveCfg = Debug|Win32
		{5287F93E-435F-4621-A918-42FE507FB722}.Debug25|Win32.Build.0 = Debug|Win32
		{5287F93E-435F-4621-A918-42FE507FB722}.Debug25|x64.ActiveCfg = Debug|x64
		{5287F93E-435F-4621-A918-42FE507FB722}.Debug26|Win32.ActiveCfg = Debug|Win32
		{5287F93E-435F-4621-A918-42FE507FB722}.Debug26|x64.ActiveCfg = Debug|x64
		{5287F93E-435F-4621-A918-42FE507FB722}.Release25|Win32.ActiveCfg = Release|Win32
		{5287F93E-435F-4621-A918-42FE507FB722}.Release25|Win32.Build.0 = Release|Win32
		{5287F93E-435F-4621-A918-42FE507FB722}.Release25|x64.ActiveCfg = Release|x64
		{5287F93E-435F-4621-A918-42FE507FB722}.Release26|Win32.ActiveCfg = Release|Win32
		{5287F93E-435F-4621-A918-42FE507FB722}.Release26|x64.ActiveCfg = Release|x64
		{D48E70DC-E990-4BB6-A689-B84B88AB2BC8}.Debug25|Win32.ActiveCfg = Debug|Win32
		{D48E70DC-E990-4BB6-A689-B84B88AB2BC8}.Debug25|x64.ActiveCfg = Debug|x64
		{D48E70DC-E990-4BB6-A689-B84B88AB2BC8}.Debug26|Win32.ActiveCfg = Debug|Win32
		{D48E70DC-E990-4BB6-A689-B84B88AB2BC8}.Debug26|Win32.Build.0 = Debug|Win32
		{D48E70DC-E990-4BB6-A689-B84B88AB2BC8}.Debug26|x64.ActiveCfg = Debug|x64
		{D48E70DC-E990-4BB6-A689-B84B88AB2BC8}.Debug26|x64.Build.0 = Debug|x64
		{D48E70DC-E990-4BB6-A689-B84B88AB2BC8}.Release25|Win32.ActiveCfg = Release|Win32
		{D48E70DC-E990-4BB6-A689-B84B88AB2BC8}.Release25|x64.ActiveCfg = Release|x64
		{D48E70DC-E990-4BB6-A689-B84B88AB2BC8}.Release26|Win32.ActiveCfg = Release|Win32
		{D48E70DC-E990-4BB6-A689-B84B88AB2BC8}.Release26|Win32.Build.0 = Release|Win32
		{D48E70DC-E990-4BB6-A689-B84B88AB2BC8}.Release26|x64.ActiveCfg = Release|x64
		{D48E70DC-E990-4BB6-A689-B84B88AB2BC8}.Release26|x64.Build.0 = Release|x64
		{04ACBB30-FDDF-455D-9CF1-B2CAF9EF57FB}.Debug25|Win32.ActiveCfg = Debug|Win32
		{04ACBB30-FDDF-455D-9CF1-B2CAF9EF57FB}.Debug25|x64.ActiveCfg = Debug|Win32
		{04ACBB30-FDDF-455D-9CF1-B2CAF9EF57FB}.Debug26|Win32.ActiveCfg = Debug|Win32
		{04ACBB30-FDDF-455D-9CF1-B2CAF9EF57FB}.Debug26|x64.ActiveCfg = Debug|Win32
		{04ACBB30-FDDF-455D-9CF1-B2CAF9EF57FB}.Release25|Win32.ActiveCfg = Release|Win32
		{04ACBB30-FDDF-455D-9CF1-B2CAF9EF57FB}.Release25|x64.ActiveCfg = Release|Win32
		{04ACBB30-FDDF-455D-9CF1-B2CAF9EF57FB}.Release26|Win32.ActiveCfg = Release|Win32
		{04ACBB30-FDDF-455D-9CF1-B2CAF9EF57FB}.Release26|x64.ActiveCfg = Release|Win32
		{AD6B3158-3F96-4254-AFB8-122857BFED24}.Debug25|Win32.ActiveCfg = Debug|Win32
		{AD6B3158-3F96-4254-AFB8-122857BFED24}.Debug25|Win32.Build.0 = Debug|Win32
		{AD6B3158-3F96-4254-AFB8-122857BFED24}.Debug25|x64.ActiveCfg = Debug|x64
		{AD6B3158-3F96-4254-AFB8-122857BFED24}.Debug26|Win32.ActiveCfg = Debug|Win32
		{AD6B3158-3F96-4254-AFB8-122857BFED24}.Debug26|x64.ActiveCfg = Debug|x64
		{AD6B3158-3F96-4254-AFB8-122857BFED24}.Release25|Win32.ActiveCfg = Release|Win32
		{AD6B3158-3F96-4254-AFB8-122857BFED24}.Release25|Win32.Build.0 = Release|Win32
		{AD6B3158-3F96-4254-AFB8-122857BFED24}.Release25|x64.ActiveCfg = Release|x64
		{AD6B3158-3F96-4254-AFB8-122857BFED24}.Release26|Win32.ActiveCfg = Release|Win32
		{AD6B3158-3F96-4254-AFB8-122857BFED24}.Release26|x64.ActiveCfg = Release|x64
		{92327B7F-ABF2-4188-9DCC-03C82DFF6BFE}.Debug25|Win32.ActiveCfg = Debug|Win32
		{92327B7F-ABF2-4188-9DCC-03C82DFF6BFE}.Debug25|x64.ActiveCfg = Debug|x64
		{92327B7F-ABF2-4188-9DCC-03C82DFF6BFE}.Debug26|Win32.ActiveCfg = Debug|Win32
		{92327B7F-ABF2-4188-9DCC-03C82DFF6BFE}.Debug26|Win32.Build.0 = Debug|Win32
		{92327B7F-ABF2-4188-9DCC-03C82DFF6BFE}.Debug26|x64.ActiveCfg = Debug|x64
		{92327B7F-ABF2-4188-9DCC-03C82DFF6BFE}.Debug26|x64.Build.0 = Debug|x64
		{92327B7F-ABF2-4188-9DCC-03C82DFF6BFE}.Release25|Win32.ActiveCfg = Release|Win32
		{92327B7F-ABF2-4188-9DCC-03C82DFF6BFE}.Release25|x64.ActiveCfg = Release|x64
		{92327B7F-ABF2-4188-9DCC-03C82DFF6BFE}.Release26|Win32.ActiveCfg = Release|Win32
		{92327B7F-ABF2-4188-9DCC-03C82DFF6BFE}.Release26|Win32.Build.0 = Release|Win32
		{92327B7F-ABF2-4188-9DCC-03C82DFF6BFE}.Release26|x64.ActiveCfg = Release|x64
		{92327B7F-ABF2-4188-9DCC-03C82DFF6BFE}.Release26|x64.Build.0 = Release|x64
	EndGlobalSection
	GlobalSection(SolutionProperties) = preSolution
		HideSolutionNode = FALSE
	EndGlobalSection
EndGlobal
